
Microsoft Visual Studio Solution File, Format Version 12.00
# Visual Studio Version 16
VisualStudioVersion = 16.0.32126.315
MinimumVisualStudioVersion = 10.0.40219.1
Project("{FAE04EC0-301F-11D3-BF4B-00C04F79EFBC}") = "ClassesAndMethodsAssignment1", "ClassesAndMethodsAssignment1\ClassesAndMethodsAssignment1.csproj", "{34C45606-58B6-4884-83C8-544DC235D44E}"
EndProject
Global
	GlobalSection(SolutionConfigurationPlatforms) = preSolution
		Debug|Any CPU = Debug|Any CPU
		Release|Any CPU = Release|Any CPU
	EndGlobalSection
	GlobalSection(ProjectConfigurationPlatforms) = postSolution
		{34C45606-58B6-4884-83C8-544DC235D44E}.Debug|Any CPU.ActiveCfg = Debug|Any CPU
		{34C45606-58B6-4884-83C8-544DC235D44E}.Debug|Any CPU.Build.0 = Debug|Any CPU
		{34C45606-58B6-4884-83C8-544DC235D44E}.Release|Any CPU.ActiveCfg = Release|Any CPU
		{34C45606-58B6-4884-83C8-544DC235D44E}.Release|Any CPU.Build.0 = Release|Any CPU
	EndGlobalSection
	GlobalSection(SolutionProperties) = preSolution
		HideSolutionNode = FALSE
	EndGlobalSection
	GlobalSection(ExtensibilityGlobals) = postSolution
		SolutionGuid = {D937EB2A-27E3-434B-A078-4B2DF034A7FC}
	EndGlobalSection
EndGlobal
